
Microsoft Visual Studio Solution File, Format Version 12.00
# Visual Studio Version 16
VisualStudioVersion = 16.0.29230.47
MinimumVisualStudioVersion = 10.0.40219.1
Project("{FAE04EC0-301F-11D3-BF4B-00C04F79EFBC}") = "AutoMemOC", "AutoMemOC\AutoMemOC.csproj", "{35B72EE7-3578-4213-A1E4-EB1394DCF070}"
EndProject
Project("{FAE04EC0-301F-11D3-BF4B-00C04F79EFBC}") = "AutoMemOCSetup", "AutoMemOCSetup\AutoMemOCSetup.csproj", "{B566E2AB-5CEA-411E-AC38-4192F1FCA6E4}"
EndProject
Global
	GlobalSection(SolutionConfigurationPlatforms) = preSolution
		Debug|Any CPU = Debug|Any CPU
		Release|Any CPU = Release|Any CPU
	EndGlobalSection
	GlobalSection(ProjectConfigurationPlatforms) = postSolution
		{35B72EE7-3578-4213-A1E4-EB1394DCF070}.Debug|Any CPU.ActiveCfg = Debug|Any CPU
		{35B72EE7-3578-4213-A1E4-EB1394DCF070}.Debug|Any CPU.Build.0 = Debug|Any CPU
		{35B72EE7-3578-4213-A1E4-EB1394DCF070}.Release|Any CPU.ActiveCfg = Release|Any CPU
		{35B72EE7-3578-4213-A1E4-EB1394DCF070}.Release|Any CPU.Build.0 = Release|Any CPU
		{B566E2AB-5CEA-411E-AC38-4192F1FCA6E4}.Debug|Any CPU.ActiveCfg = Debug|Any CPU
		{B566E2AB-5CEA-411E-AC38-4192F1FCA6E4}.Debug|Any CPU.Build.0 = Debug|Any CPU
		{B566E2AB-5CEA-411E-AC38-4192F1FCA6E4}.Release|Any CPU.ActiveCfg = Release|Any CPU
		{B566E2AB-5CEA-411E-AC38-4192F1FCA6E4}.Release|Any CPU.Build.0 = Release|Any CPU
	EndGlobalSection
	GlobalSection(SolutionProperties) = preSolution
		HideSolutionNode = FALSE
	EndGlobalSection
	GlobalSection(ExtensibilityGlobals) = postSolution
		SolutionGuid = {3CE3203A-2E50-4AD8-A148-D890F62C2BB9}
	EndGlobalSection
EndGlobal
